{"_meta":{"file-type":"spack-lockfile","lockfile-version":6,"specfile-version":5},"spack":{"version":"1.0.1","type":"release"},"roots":[{"hash":"kle3dhbwlodxn77u6g2zzf74vzquq26l","spec":"mochi-ssg+mpi"},{"hash":"b7co4cub2p2mb7s5y3iugx3h5ri6mulx","spec":"mochi-margo"}],"concrete_specs":{"kle3dhbwlodxn77u6g2zzf74vzquq26l":{"name":"mochi-ssg","version":"0.5.4","arch":{"platform":"linux","platform_os":"sles15","target":{"name":"zen3","vendor":"AuthenticAMD","features":["abm","aes","avx","avx2","bmi1","bmi2","clflushopt","clwb","clzero","cx16","f16c","fma","fsgsbase","mmx","movbe","pclmulqdq","pku","popcnt","rdseed","sse","sse2","sse4_1","sse4_2","sse4a","ssse3","vaes","vpclmulqdq","xsavec","xsaveopt"],"generation":0,"parents":["zen2"],"cpupart":""}},"namespace":"mochi","parameters":{"build_system":"autotools","drc":false,"mpi":true,"patches":["f23321ff82fad59b2abb6bab5e6b017cabfcf5ef3a9910b93133799fe963c18a"],"pmix":false,"valgrind":false,"cflags":[],"cppflags":[],"cxxflags":[],"fflags":[],"ldflags":[],"ldlibs":[]},"patches":["f23321ff82fad59b2abb6bab5e6b017cabfcf5ef3a9910b93133799fe963c18a"],"package_hash":"zls2kqiaauv6jpv5gwvcljrcjkkcohw7exgnbssrfvi5txel43na====","dependencies":[{"name":"autoconf","hash":"jv3s4t4jyj47gkqvou32roc2hip6b4oe","parameters":{"deptypes":["build"],"virtuals":[]}},{"name":"automake","hash":"7opjfwelhc32iduy3zddbl6vjm3qvqmd","parameters":{"deptypes":["build"],"virtuals":[]}},{"name":"compiler-wrapper","hash":"6mqj3ia6ulagxzf3nwt4wf2erhqffl4c","parameters":{"deptypes":["build"],"virtuals":[]}},{"name":"coreutils","hash":"jguz2l3m4aylnhl7gy3bgd7oeejg2oa3","parameters":{"deptypes":["build"],"virtuals":[]}},{"name":"cray-mpich","hash":"oda67gwuo3f47wd7ieu4tjqp5rn6szas","parameters":{"deptypes":["build","link"],"virtuals":["mpi"]}},{"name":"gcc","hash":"m2d3q2sjmdbrwrfi4spvtm7p7thaqojk","parameters":{"deptypes":["build"],"virtuals":["c"]}},{"name":"gcc-runtime","hash":"oyxiovb5idi7idshmls3f6p7txs3xdl6","parameters":{"deptypes":["link"],"virtuals":[]}},{"name":"glibc","hash":"6hqoygt6mdj66zwl6cm3szgbb6u6kq3x","parameters":{"deptypes":["link"],"virtuals":["libc"]}},{"name":"gmake","hash":"hly4ztimcpnaa2dn3df5vxyc5qwnluss","parameters":{"deptypes":["build"],"virtuals":[]}},{"name":"libtool","hash":"mvdbov6yidryy5utte2q2b642rm2lyx4","parameters":{"deptypes":["build"],"virtuals":[]}},{"name":"m4","hash":"223mgeoz24ammxvtswute3di3irawlmy","parameters":{"deptypes":["build"],"virtuals":[]}},{"name":"mochi-margo","hash":"b7co4cub2p2mb7s5y3iugx3h5ri6mulx","parameters":{"deptypes":["build","link"],"virtuals":[]}},{"name":"pkg-config","hash":"tk45247ww6bhr3jqhsyco3chur4dgzhf","parameters":{"deptypes":["build"],"virtuals":["pkgconfig"]}}],"annotations":{"original_specfile_version":5},"hash":"kle3dhbwlodxn77u6g2zzf74vzquq26l"},"jv3s4t4jyj47gkqvou32roc2hip6b4oe":{"name":"autoconf","version":"2.69","arch":{"platform":"linux","platform_os":"sles15","target":{"name":"zen3","vendor":"AuthenticAMD","features":["abm","aes","avx","avx2","bmi1","bmi2","clflushopt","clwb","clzero","cx16","f16c","fma","fsgsbase","mmx","movbe","pclmulqdq","pku","popcnt","rdseed","sse","sse2","sse4_1","sse4_2","sse4a","ssse3","vaes","vpclmulqdq","xsavec","xsaveopt"],"generation":0,"parents":["zen2"],"cpupart":""}},"namespace":"builtin","parameters":{"build_system":"autotools","patches":["7793209b33013dc0f81208718c68440c5aae80e7a1c4b8d336e382525af791a7"],"cflags":[],"cppflags":[],"cxxflags":[],"fflags":[],"ldflags":[],"ldlibs":[]},"external":{"path":"/usr","module":null,"extra_attributes":{}},"patches":["7793209b33013dc0f81208718c68440c5aae80e7a1c4b8d336e382525af791a7"],"package_hash":"wi2h4qfjxtvkw5wnr756xpkpaeme2d56seqd4emukti3uc6fhifa====","annotations":{"original_specfile_version":5},"hash":"jv3s4t4jyj47gkqvou32roc2hip6b4oe"},"7opjfwelhc32iduy3zddbl6vjm3qvqmd":{"name":"automake","version":"1.15.1","arch":{"platform":"linux","platform_os":"sles15","target":{"name":"zen3","vendor":"AuthenticAMD","features":["abm","aes","avx","avx2","bmi1","bmi2","clflushopt","clwb","clzero","cx16","f16c","fma","fsgsbase","mmx","movbe","pclmulqdq","pku","popcnt","rdseed","sse","sse2","sse4_1","sse4_2","sse4a","ssse3","vaes","vpclmulqdq","xsavec","xsaveopt"],"generation":0,"parents":["zen2"],"cpupart":""}},"namespace":"builtin","parameters":{"build_system":"autotools","cflags":[],"cppflags":[],"cxxflags":[],"fflags":[],"ldflags":[],"ldlibs":[]},"external":{"path":"/usr","module":null,"extra_attributes":{}},"package_hash":"xwshk42zcxdo323zme42uaygehrhjqjdmp72fb6enoqwv6kagv2a====","annotations":{"original_specfile_version":5},"hash":"7opjfwelhc32iduy3zddbl6vjm3qvqmd"},"6mqj3ia6ulagxzf3nwt4wf2erhqffl4c":{"name":"compiler-wrapper","version":"1.0","arch":{"platform":"linux","platform_os":"sles15","target":{"name":"zen3","vendor":"AuthenticAMD","features":["abm","aes","avx","avx2","bmi1","bmi2","clflushopt","clwb","clzero","cx16","f16c","fma","fsgsbase","mmx","movbe","pclmulqdq","pku","popcnt","rdseed","sse","sse2","sse4_1","sse4_2","sse4a","ssse3","vaes","vpclmulqdq","xsavec","xsaveopt"],"generation":0,"parents":["zen2"],"cpupart":""}},"namespace":"builtin","parameters":{"build_system":"generic","cflags":[],"cppflags":[],"cxxflags":[],"fflags":[],"ldflags":[],"ldlibs":[]},"package_hash":"vohu4wrffrhvsd4padcnlwdcmpwpqei4nzeytzsmkgxsl4cslfxq====","annotations":{"original_specfile_version":5},"hash":"6mqj3ia6ulagxzf3nwt4wf2erhqffl4c"},"jguz2l3m4aylnhl7gy3bgd7oeejg2oa3":{"name":"coreutils","version":"9.5","arch":{"platform":"linux","platform_os":"sles15","target":{"name":"zen3","vendor":"AuthenticAMD","features":["abm","aes","avx","avx2","bmi1","bmi2","clflushopt","clwb","clzero","cx16","f16c","fma","fsgsbase","mmx","movbe","pclmulqdq","pku","popcnt","rdseed","sse","sse2","sse4_1","sse4_2","sse4a","ssse3","vaes","vpclmulqdq","xsavec","xsaveopt"],"generation":0,"parents":["zen2"],"cpupart":""}},"namespace":"builtin","parameters":{"build_system":"autotools","gprefix":false,"cflags":[],"cppflags":[],"cxxflags":[],"fflags":[],"ldflags":[],"ldlibs":[]},"package_hash":"erxub5chu5aigetmxhojdi4xkxqu6en44hgnl7l46wws2xooohta====","dependencies":[{"name":"compiler-wrapper","hash":"6mqj3ia6ulagxzf3nwt4wf2erhqffl4c","parameters":{"deptypes":["build"],"virtuals":[]}},{"name":"gcc","hash":"m2d3q2sjmdbrwrfi4spvtm7p7thaqojk","parameters":{"deptypes":["build"],"virtuals":["c"]}},{"name":"gcc-runtime","hash":"oyxiovb5idi7idshmls3f6p7txs3xdl6","parameters":{"deptypes":["link"],"virtuals":[]}},{"name":"glibc","hash":"6hqoygt6mdj66zwl6cm3szgbb6u6kq3x","parameters":{"deptypes":["link"],"virtuals":["libc"]}},{"name":"gmake","hash":"hly4ztimcpnaa2dn3df5vxyc5qwnluss","parameters":{"deptypes":["build"],"virtuals":[]}}],"annotations":{"original_specfile_version":5},"hash":"jguz2l3m4aylnhl7gy3bgd7oeejg2oa3"},"m2d3q2sjmdbrwrfi4spvtm7p7thaqojk":{"name":"gcc","version":"14.2.0","arch":{"platform":"linux","platform_os":"sles15","target":{"name":"zen3","vendor":"AuthenticAMD","features":["abm","aes","avx","avx2","bmi1","bmi2","clflushopt","clwb","clzero","cx16","f16c","fma","fsgsbase","mmx","movbe","pclmulqdq","pku","popcnt","rdseed","sse","sse2","sse4_1","sse4_2","sse4a","ssse3","vaes","vpclmulqdq","xsavec","xsaveopt"],"generation":0,"parents":["zen2"],"cpupart":""}},"namespace":"builtin","parameters":{"binutils":false,"bootstrap":true,"build_system":"autotools","build_type":"RelWithDebInfo","graphite":false,"languages":["c","c++","fortran"],"mold":false,"nvptx":false,"piclibs":false,"profiled":false,"strip":false,"cflags":[],"cppflags":[],"cxxflags":[],"fflags":[],"ldflags":[],"ldlibs":[]},"external":{"path":"/opt/cray/pe/gcc-native/14","module":null,"extra_attributes":{"compilers":{"c":"/opt/cray/pe/gcc-native/14/bin/gcc","cxx":"/opt/cray/pe/gcc-native/14/bin/g++","fortran":"/opt/cray/pe/gcc-native/14/bin/gfortran"}}},"package_hash":"ktryqkt4fyjmjzmfhxprxfu5bz4vbnr3u74n7mmtbn7r4pzaqmba====","annotations":{"original_specfile_version":5},"hash":"m2d3q2sjmdbrwrfi4spvtm7p7thaqojk"},"oyxiovb5idi7idshmls3f6p7txs3xdl6":{"name":"gcc-runtime","version":"14.2.0","arch":{"platform":"linux","platform_os":"sles15","target":{"name":"zen3","vendor":"AuthenticAMD","features":["abm","aes","avx","avx2","bmi1","bmi2","clflushopt","clwb","clzero","cx16","f16c","fma","fsgsbase","mmx","movbe","pclmulqdq","pku","popcnt","rdseed","sse","sse2","sse4_1","sse4_2","sse4a","ssse3","vaes","vpclmulqdq","xsavec","xsaveopt"],"generation":0,"parents":["zen2"],"cpupart":""}},"namespace":"builtin","parameters":{"build_system":"generic","cflags":[],"cppflags":[],"cxxflags":[],"fflags":[],"ldflags":[],"ldlibs":[]},"package_hash":"q2rk2ibjyixyovjks3huspa2gqfkl7b2q2l4efx54262chl3icjq====","dependencies":[{"name":"gcc","hash":"m2d3q2sjmdbrwrfi4spvtm7p7thaqojk","parameters":{"deptypes":["build"],"virtuals":[]}},{"name":"glibc","hash":"6hqoygt6mdj66zwl6cm3szgbb6u6kq3x","parameters":{"deptypes":["link"],"virtuals":["libc"]}}],"annotations":{"original_specfile_version":5},"hash":"oyxiovb5idi7idshmls3f6p7txs3xdl6"},"6hqoygt6mdj66zwl6cm3szgbb6u6kq3x":{"name":"glibc","version":"2.38","arch":{"platform":"linux","platform_os":"sles15","target":{"name":"zen3","vendor":"AuthenticAMD","features":["abm","aes","avx","avx2","bmi1","bmi2","clflushopt","clwb","clzero","cx16","f16c","fma","fsgsbase","mmx","movbe","pclmulqdq","pku","popcnt","rdseed","sse","sse2","sse4_1","sse4_2","sse4a","ssse3","vaes","vpclmulqdq","xsavec","xsaveopt"],"generation":0,"parents":["zen2"],"cpupart":""}},"namespace":"builtin","parameters":{"build_system":"autotools","cflags":[],"cppflags":[],"cxxflags":[],"fflags":[],"ldflags":[],"ldlibs":[]},"external":{"path":"/","module":null,"extra_attributes":{}},"package_hash":"wvysutvr5ukmjc37hr2bvky5v6xwlpdmt6k5zd4tg5wbdsamwawq====","annotations":{"original_specfile_version":5},"hash":"6hqoygt6mdj66zwl6cm3szgbb6u6kq3x"},"hly4ztimcpnaa2dn3df5vxyc5qwnluss":{"name":"gmake","version":"4.2.1","arch":{"platform":"linux","platform_os":"sles15","target":{"name":"zen3","vendor":"AuthenticAMD","features":["abm","aes","avx","avx2","bmi1","bmi2","clflushopt","clwb","clzero","cx16","f16c","fma","fsgsbase","mmx","movbe","pclmulqdq","pku","popcnt","rdseed","sse","sse2","sse4_1","sse4_2","sse4a","ssse3","vaes","vpclmulqdq","xsavec","xsaveopt"],"generation":0,"parents":["zen2"],"cpupart":""}},"namespace":"builtin","parameters":{"build_system":"generic","guile":false,"patches":["ca60bd9c1a1b35bc0dc58b6a4a19d5c2651f7a94a4b22b2c5ea001a1ca7a8a7f","fe5b60d091c33f169740df8cb718bf4259f84528b42435194ffe0dd5b79cd125"],"cflags":[],"cppflags":[],"cxxflags":[],"fflags":[],"ldflags":[],"ldlibs":[]},"external":{"path":"/usr","module":null,"extra_attributes":{}},"patches":["fe5b60d091c33f169740df8cb718bf4259f84528b42435194ffe0dd5b79cd125","ca60bd9c1a1b35bc0dc58b6a4a19d5c2651f7a94a4b22b2c5ea001a1ca7a8a7f"],"package_hash":"76lgu7ugaerkrtaqnnrp2dkau4gsh73lfafhbbvqulusc6dqmjna====","annotations":{"original_specfile_version":5},"hash":"hly4ztimcpnaa2dn3df5vxyc5qwnluss"},"oda67gwuo3f47wd7ieu4tjqp5rn6szas":{"name":"cray-mpich","version":"8.1.32","arch":{"platform":"linux","platform_os":"sles15","target":{"name":"zen3","vendor":"AuthenticAMD","features":["abm","aes","avx","avx2","bmi1","bmi2","clflushopt","clwb","clzero","cx16","f16c","fma","fsgsbase","mmx","movbe","pclmulqdq","pku","popcnt","rdseed","sse","sse2","sse4_1","sse4_2","sse4a","ssse3","vaes","vpclmulqdq","xsavec","xsaveopt"],"generation":0,"parents":["zen2"],"cpupart":""}},"namespace":"builtin","parameters":{"build_system":"generic","cuda":false,"rocm":false,"wrappers":true,"cflags":[],"cppflags":[],"cxxflags":[],"fflags":[],"ldflags":[],"ldlibs":[]},"external":{"path":"/opt/cray/pe/mpich/8.1.32/ofi/gnu/12.3","module":["cray-mpich/8.1.32"],"extra_attributes":{}},"package_hash":"pl5j7x54myzphbbdgaau5o4boxdvg6cxeogo44rh4df5hljqzyta====","annotations":{"original_specfile_version":5},"hash":"oda67gwuo3f47wd7ieu4tjqp5rn6szas"},"mvdbov6yidryy5utte2q2b642rm2lyx4":{"name":"libtool","version":"2.4.6","arch":{"platform":"linux","platform_os":"sles15","target":{"name":"zen3","vendor":"AuthenticAMD","features":["abm","aes","avx","avx2","bmi1","bmi2","clflushopt","clwb","clzero","cx16","f16c","fma","fsgsbase","mmx","movbe","pclmulqdq","pku","popcnt","rdseed","sse","sse2","sse4_1","sse4_2","sse4a","ssse3","vaes","vpclmulqdq","xsavec","xsaveopt"],"generation":0,"parents":["zen2"],"cpupart":""}},"namespace":"builtin","parameters":{"build_system":"autotools","cflags":[],"cppflags":[],"cxxflags":[],"fflags":[],"ldflags":[],"ldlibs":[]},"external":{"path":"/usr","module":null,"extra_attributes":{}},"package_hash":"otodf6mupuelbto6jld4tih44mkkfyzszul4cteyxzq4xq7spaea====","annotations":{"original_specfile_version":5},"hash":"mvdbov6yidryy5utte2q2b642rm2lyx4"},"223mgeoz24ammxvtswute3di3irawlmy":{"name":"m4","version":"1.4.18","arch":{"platform":"linux","platform_os":"sles15","target":{"name":"zen3","vendor":"AuthenticAMD","features":["abm","aes","avx","avx2","bmi1","bmi2","clflushopt","clwb","clzero","cx16","f16c","fma","fsgsbase","mmx","movbe","pclmulqdq","pku","popcnt","rdseed","sse","sse2","sse4_1","sse4_2","sse4a","ssse3","vaes","vpclmulqdq","xsavec","xsaveopt"],"generation":0,"parents":["zen2"],"cpupart":""}},"namespace":"builtin","parameters":{"build_system":"autotools","patches":["3877ab548f88597ab2327a2230ee048d2d07ace1062efe81fc92e91b7f39cd00","fc9b61654a3ba1a8d6cd78ce087e7c96366c290bc8d2c299f09828d793b853c8"],"sigsegv":true,"cflags":[],"cppflags":[],"cxxflags":[],"fflags":[],"ldflags":[],"ldlibs":[]},"external":{"path":"/usr","module":null,"extra_attributes":{}},"patches":["3877ab548f88597ab2327a2230ee048d2d07ace1062efe81fc92e91b7f39cd00","fc9b61654a3ba1a8d6cd78ce087e7c96366c290bc8d2c299f09828d793b853c8"],"package_hash":"p5st33ujhqkhrdqgjnmsaypindn5qvmbk4yvt75zpmfqbixtmouq====","annotations":{"original_specfile_version":5},"hash":"223mgeoz24ammxvtswute3di3irawlmy"},"b7co4cub2p2mb7s5y3iugx3h5ri6mulx":{"name":"mochi-margo","version":"0.21.0","arch":{"platform":"linux","platform_os":"sles15","target":{"name":"zen3","vendor":"AuthenticAMD","features":["abm","aes","avx","avx2","bmi1","bmi2","clflushopt","clwb","clzero","cx16","f16c","fma","fsgsbase","mmx","movbe","pclmulqdq","pku","popcnt","rdseed","sse","sse2","sse4_1","sse4_2","sse4a","ssse3","vaes","vpclmulqdq","xsavec","xsaveopt"],"generation":0,"parents":["zen2"],"cpupart":""}},"namespace":"mochi","parameters":{"build_system":"autotools","hwloc":true,"pvar":false,"cflags":[],"cppflags":[],"cxxflags":[],"fflags":[],"ldflags":[],"ldlibs":[]},"package_hash":"l5lsxwvhusp7b7sw3if3q64lgim35yjadv7hmh6ewf74dfpkqbba====","dependencies":[{"name":"argobots","hash":"4somx5sk7gylzryqbjmrddbi6tyxhedo","parameters":{"deptypes":["build","link"],"virtuals":[]}},{"name":"autoconf","hash":"jv3s4t4jyj47gkqvou32roc2hip6b4oe","parameters":{"deptypes":["build"],"virtuals":[]}},{"name":"automake","hash":"7opjfwelhc32iduy3zddbl6vjm3qvqmd","parameters":{"deptypes":["build"],"virtuals":[]}},{"name":"compiler-wrapper","hash":"6mqj3ia6ulagxzf3nwt4wf2erhqffl4c","parameters":{"deptypes":["build"],"virtuals":[]}},{"name":"coreutils","hash":"jguz2l3m4aylnhl7gy3bgd7oeejg2oa3","parameters":{"deptypes":["build"],"virtuals":[]}},{"name":"gcc","hash":"m2d3q2sjmdbrwrfi4spvtm7p7thaqojk","parameters":{"deptypes":["build"],"virtuals":["c","cxx"]}},{"name":"gcc-runtime","hash":"oyxiovb5idi7idshmls3f6p7txs3xdl6","parameters":{"deptypes":["link"],"virtuals":[]}},{"name":"glibc","hash":"6hqoygt6mdj66zwl6cm3szgbb6u6kq3x","parameters":{"deptypes":["link"],"virtuals":["libc"]}},{"name":"gmake","hash":"hly4ztimcpnaa2dn3df5vxyc5qwnluss","parameters":{"deptypes":["build"],"virtuals":[]}},{"name":"hwloc","hash":"cz5oyythcp5uisablqhukokhevzzvyjr","parameters":{"deptypes":["build","link"],"virtuals":[]}},{"name":"json-c","hash":"gvxnsndpceeg54njy4bi3ba3h4552rdj","parameters":{"deptypes":["build","link"],"virtuals":[]}},{"name":"libtool","hash":"mvdbov6yidryy5utte2q2b642rm2lyx4","parameters":{"deptypes":["build"],"virtuals":[]}},{"name":"m4","hash":"223mgeoz24ammxvtswute3di3irawlmy","parameters":{"deptypes":["build"],"virtuals":[]}},{"name":"mercury","hash":"npz57p2pbndbdflkv5bf5rbct6sllkyn","parameters":{"deptypes":["build","link","run"],"virtuals":[]}},{"name":"pkg-config","hash":"tk45247ww6bhr3jqhsyco3chur4dgzhf","parameters":{"deptypes":["build"],"virtuals":["pkgconfig"]}}],"annotations":{"original_specfile_version":5},"hash":"b7co4cub2p2mb7s5y3iugx3h5ri6mulx"},"4somx5sk7gylzryqbjmrddbi6tyxhedo":{"name":"argobots","version":"1.2","arch":{"platform":"linux","platform_os":"sles15","target":{"name":"zen3","vendor":"AuthenticAMD","features":["abm","aes","avx","avx2","bmi1","bmi2","clflushopt","clwb","clzero","cx16","f16c","fma","fsgsbase","mmx","movbe","pclmulqdq","pku","popcnt","rdseed","sse","sse2","sse4_1","sse4_2","sse4a","ssse3","vaes","vpclmulqdq","xsavec","xsaveopt"],"generation":0,"parents":["zen2"],"cpupart":""}},"namespace":"mochi","parameters":{"affinity":false,"build_system":"autotools","debug":false,"lazy_stack_alloc":false,"perf":true,"stackguard":"none","stackunwind":false,"tool":false,"valgrind":false,"cflags":[],"cppflags":[],"cxxflags":[],"fflags":[],"ldflags":[],"ldlibs":[]},"package_hash":"ulcgvj77qzbtlls4y3yzxbyhqhsngaivixsgvpmjttlqdkpflnga====","dependencies":[{"name":"compiler-wrapper","hash":"6mqj3ia6ulagxzf3nwt4wf2erhqffl4c","parameters":{"deptypes":["build"],"virtuals":[]}},{"name":"gcc","hash":"m2d3q2sjmdbrwrfi4spvtm7p7thaqojk","parameters":{"deptypes":["build"],"virtuals":["c"]}},{"name":"gcc-runtime","hash":"oyxiovb5idi7idshmls3f6p7txs3xdl6","parameters":{"deptypes":["link"],"virtuals":[]}},{"name":"glibc","hash":"6hqoygt6mdj66zwl6cm3szgbb6u6kq3x","parameters":{"deptypes":["link"],"virtuals":["libc"]}},{"name":"gmake","hash":"hly4ztimcpnaa2dn3df5vxyc5qwnluss","parameters":{"deptypes":["build"],"virtuals":[]}}],"annotations":{"original_specfile_version":5},"hash":"4somx5sk7gylzryqbjmrddbi6tyxhedo"},"cz5oyythcp5uisablqhukokhevzzvyjr":{"name":"hwloc","version":"2.11.1","arch":{"platform":"linux","platform_os":"sles15","target":{"name":"zen3","vendor":"AuthenticAMD","features":["abm","aes","avx","avx2","bmi1","bmi2","clflushopt","clwb","clzero","cx16","f16c","fma","fsgsbase","mmx","movbe","pclmulqdq","pku","popcnt","rdseed","sse","sse2","sse4_1","sse4_2","sse4a","ssse3","vaes","vpclmulqdq","xsavec","xsaveopt"],"generation":0,"parents":["zen2"],"cpupart":""}},"namespace":"builtin","parameters":{"build_system":"autotools","cairo":false,"cuda":false,"gl":false,"level_zero":false,"libs":["shared","static"],"libudev":false,"libxml2":true,"nvml":false,"opencl":false,"pci":true,"rocm":false,"cflags":[],"cppflags":[],"cxxflags":[],"fflags":[],"ldflags":[],"ldlibs":[]},"package_hash":"cuy5layainylxpxdzyu6c4c5w5pvdmndyfyxfh4tigqnciynybbq====","dependencies":[{"name":"compiler-wrapper","hash":"6mqj3ia6ulagxzf3nwt4wf2erhqffl4c","parameters":{"deptypes":["build"],"virtuals":[]}},{"name":"gcc","hash":"m2d3q2sjmdbrwrfi4spvtm7p7thaqojk","parameters":{"deptypes":["build"],"virtuals":["c","cxx"]}},{"name":"gcc-runtime","hash":"oyxiovb5idi7idshmls3f6p7txs3xdl6","parameters":{"deptypes":["link"],"virtuals":[]}},{"name":"glibc","hash":"6hqoygt6mdj66zwl6cm3szgbb6u6kq3x","parameters":{"deptypes":["link"],"virtuals":["libc"]}},{"name":"gmake","hash":"hly4ztimcpnaa2dn3df5vxyc5qwnluss","parameters":{"deptypes":["build"],"virtuals":[]}},{"name":"libpciaccess","hash":"v63zz7sgiwofdi5lnundjh63v5o66hx6","parameters":{"deptypes":["build","link"],"virtuals":[]}},{"name":"libxml2","hash":"b25gjafwcmpo4cdibe5umww5gagofnd4","parameters":{"deptypes":["build","link"],"virtuals":[]}},{"name":"ncurses","hash":"5bzgth6h7jh7p42jqzxwgums6bg6pn5x","parameters":{"deptypes":["build","link"],"virtuals":[]}},{"name":"pkg-config","hash":"tk45247ww6bhr3jqhsyco3chur4dgzhf","parameters":{"deptypes":["build"],"virtuals":["pkgconfig"]}}],"annotations":{"original_specfile_version":5},"hash":"cz5oyythcp5uisablqhukokhevzzvyjr"},"v63zz7sgiwofdi5lnundjh63v5o66hx6":{"name":"libpciaccess","version":"0.17","arch":{"platform":"linux","platform_os":"sles15","target":{"name":"zen3","vendor":"AuthenticAMD","features":["abm","aes","avx","avx2","bmi1","bmi2","clflushopt","clwb","clzero","cx16","f16c","fma","fsgsbase","mmx","movbe","pclmulqdq","pku","popcnt","rdseed","sse","sse2","sse4_1","sse4_2","sse4a","ssse3","vaes","vpclmulqdq","xsavec","xsaveopt"],"generation":0,"parents":["zen2"],"cpupart":""}},"namespace":"builtin","parameters":{"build_system":"autotools","cflags":[],"cppflags":[],"cxxflags":[],"fflags":[],"ldflags":[],"ldlibs":[]},"package_hash":"gimtp7pj65ztup3wjhpbnubyg6gcrpmwhbyouysxdlsfwevm7m5a====","dependencies":[{"name":"compiler-wrapper","hash":"6mqj3ia6ulagxzf3nwt4wf2erhqffl4c","parameters":{"deptypes":["build"],"virtuals":[]}},{"name":"gcc","hash":"m2d3q2sjmdbrwrfi4spvtm7p7thaqojk","parameters":{"deptypes":["build"],"virtuals":["c"]}},{"name":"gcc-runtime","hash":"oyxiovb5idi7idshmls3f6p7txs3xdl6","parameters":{"deptypes":["link"],"virtuals":[]}},{"name":"glibc","hash":"6hqoygt6mdj66zwl6cm3szgbb6u6kq3x","parameters":{"deptypes":["link"],"virtuals":["libc"]}},{"name":"gmake","hash":"hly4ztimcpnaa2dn3df5vxyc5qwnluss","parameters":{"deptypes":["build"],"virtuals":[]}},{"name":"pkg-config","hash":"tk45247ww6bhr3jqhsyco3chur4dgzhf","parameters":{"deptypes":["build"],"virtuals":["pkgconfig"]}},{"name":"util-macros","hash":"wj4z4swwyvph5womj244uqaucsprihf2","parameters":{"deptypes":["build"],"virtuals":[]}}],"annotations":{"original_specfile_version":5},"hash":"v63zz7sgiwofdi5lnundjh63v5o66hx6"},"tk45247ww6bhr3jqhsyco3chur4dgzhf":{"name":"pkg-config","version":"0.29.2","arch":{"platform":"linux","platform_os":"sles15","target":{"name":"zen3","vendor":"AuthenticAMD","features":["abm","aes","avx","avx2","bmi1","bmi2","clflushopt","clwb","clzero","cx16","f16c","fma","fsgsbase","mmx","movbe","pclmulqdq","pku","popcnt","rdseed","sse","sse2","sse4_1","sse4_2","sse4a","ssse3","vaes","vpclmulqdq","xsavec","xsaveopt"],"generation":0,"parents":["zen2"],"cpupart":""}},"namespace":"builtin","parameters":{"build_system":"autotools","internal_glib":true,"cflags":[],"cppflags":[],"cxxflags":[],"fflags":[],"ldflags":[],"ldlibs":[]},"external":{"path":"/usr","module":null,"extra_attributes":{}},"package_hash":"du3aju7uz3axd73uidslwslrk7cnujbrudtoc2okv3br56w3a2fq====","annotations":{"original_specfile_version":5},"hash":"tk45247ww6bhr3jqhsyco3chur4dgzhf"},"wj4z4swwyvph5womj244uqaucsprihf2":{"name":"util-macros","version":"1.20.1","arch":{"platform":"linux","platform_os":"sles15","target":{"name":"zen3","vendor":"AuthenticAMD","features":["abm","aes","avx","avx2","bmi1","bmi2","clflushopt","clwb","clzero","cx16","f16c","fma","fsgsbase","mmx","movbe","pclmulqdq","pku","popcnt","rdseed","sse","sse2","sse4_1","sse4_2","sse4a","ssse3","vaes","vpclmulqdq","xsavec","xsaveopt"],"generation":0,"parents":["zen2"],"cpupart":""}},"namespace":"builtin","parameters":{"build_system":"autotools","cflags":[],"cppflags":[],"cxxflags":[],"fflags":[],"ldflags":[],"ldlibs":[]},"package_hash":"7nv26ukm3zr4rojl65ww4cw54x4q4txs6azxanxorkg6qint5jua====","dependencies":[{"name":"gmake","hash":"hly4ztimcpnaa2dn3df5vxyc5qwnluss","parameters":{"deptypes":["build"],"virtuals":[]}}],"annotations":{"original_specfile_version":5},"hash":"wj4z4swwyvph5womj244uqaucsprihf2"},"b25gjafwcmpo4cdibe5umww5gagofnd4":{"name":"libxml2","version":"2.10.3","arch":{"platform":"linux","platform_os":"sles15","target":{"name":"zen3","vendor":"AuthenticAMD","features":["abm","aes","avx","avx2","bmi1","bmi2","clflushopt","clwb","clzero","cx16","f16c","fma","fsgsbase","mmx","movbe","pclmulqdq","pku","popcnt","rdseed","sse","sse2","sse4_1","sse4_2","sse4a","ssse3","vaes","vpclmulqdq","xsavec","xsaveopt"],"generation":0,"parents":["zen2"],"cpupart":""}},"namespace":"builtin","parameters":{"build_system":"autotools","http":false,"pic":true,"python":false,"shared":true,"cflags":[],"cppflags":[],"cxxflags":[],"fflags":[],"ldflags":[],"ldlibs":[]},"external":{"path":"/usr","module":null,"extra_attributes":{}},"package_hash":"p5gdv4kaffnkidyqan4w5ragem3r6o4rzvas5rmfczg2en2z24sa====","annotations":{"original_specfile_version":5},"hash":"b25gjafwcmpo4cdibe5umww5gagofnd4"},"5bzgth6h7jh7p42jqzxwgums6bg6pn5x":{"name":"ncurses","version":"6.1","arch":{"platform":"linux","platform_os":"sles15","target":{"name":"zen3","vendor":"AuthenticAMD","features":["abm","aes","avx","avx2","bmi1","bmi2","clflushopt","clwb","clzero","cx16","f16c","fma","fsgsbase","mmx","movbe","pclmulqdq","pku","popcnt","rdseed","sse","sse2","sse4_1","sse4_2","sse4a","ssse3","vaes","vpclmulqdq","xsavec","xsaveopt"],"generation":0,"parents":["zen2"],"cpupart":""}},"namespace":"builtin","parameters":{"abi":"none","build_system":"autotools","patches":["7a351bc4953a4ab70dabdbea31c8db0c03d40ce505335f3b6687180dde24c535"],"symlinks":false,"termlib":true,"cflags":[],"cppflags":[],"cxxflags":[],"fflags":[],"ldflags":[],"ldlibs":[]},"external":{"path":"/usr","module":null,"extra_attributes":{}},"patches":["7a351bc4953a4ab70dabdbea31c8db0c03d40ce505335f3b6687180dde24c535"],"package_hash":"atk3akhayxgi3wg6qdodonvzcpeoeu2fmbi6qss6755yvbqcrxuq====","annotations":{"original_specfile_version":5},"hash":"5bzgth6h7jh7p42jqzxwgums6bg6pn5x"},"gvxnsndpceeg54njy4bi3ba3h4552rdj":{"name":"json-c","version":"0.18","arch":{"platform":"linux","platform_os":"sles15","target":{"name":"zen3","vendor":"AuthenticAMD","features":["abm","aes","avx","avx2","bmi1","bmi2","clflushopt","clwb","clzero","cx16","f16c","fma","fsgsbase","mmx","movbe","pclmulqdq","pku","popcnt","rdseed","sse","sse2","sse4_1","sse4_2","sse4a","ssse3","vaes","vpclmulqdq","xsavec","xsaveopt"],"generation":0,"parents":["zen2"],"cpupart":""}},"namespace":"mochi","parameters":{"build_system":"cmake","build_type":"Release","generator":"make","ipo":false,"cflags":[],"cppflags":[],"cxxflags":[],"fflags":[],"ldflags":[],"ldlibs":[]},"package_hash":"cswvawae7sltr3hl6gm3wba57iqvlj54xs2z3zyjmbqhh7ukvgza====","dependencies":[{"name":"cmake","hash":"rdsyitg7vwgihlmanvccadlzagemi7oj","parameters":{"deptypes":["build"],"virtuals":[]}},{"name":"compiler-wrapper","hash":"6mqj3ia6ulagxzf3nwt4wf2erhqffl4c","parameters":{"deptypes":["build"],"virtuals":[]}},{"name":"gcc","hash":"m2d3q2sjmdbrwrfi4spvtm7p7thaqojk","parameters":{"deptypes":["build"],"virtuals":["c"]}},{"name":"gcc-runtime","hash":"oyxiovb5idi7idshmls3f6p7txs3xdl6","parameters":{"deptypes":["link"],"virtuals":[]}},{"name":"glibc","hash":"6hqoygt6mdj66zwl6cm3szgbb6u6kq3x","parameters":{"deptypes":["link"],"virtuals":["libc"]}},{"name":"gmake","hash":"hly4ztimcpnaa2dn3df5vxyc5qwnluss","parameters":{"deptypes":["build"],"virtuals":[]}}],"annotations":{"original_specfile_version":5},"hash":"gvxnsndpceeg54njy4bi3ba3h4552rdj"},"rdsyitg7vwgihlmanvccadlzagemi7oj":{"name":"cmake","version":"3.30.5","arch":{"platform":"linux","platform_os":"sles15","target":{"name":"zen3","vendor":"AuthenticAMD","features":["abm","aes","avx","avx2","bmi1","bmi2","clflushopt","clwb","clzero","cx16","f16c","fma","fsgsbase","mmx","movbe","pclmulqdq","pku","popcnt","rdseed","sse","sse2","sse4_1","sse4_2","sse4a","ssse3","vaes","vpclmulqdq","xsavec","xsaveopt"],"generation":0,"parents":["zen2"],"cpupart":""}},"namespace":"builtin","parameters":{"build_system":"generic","build_type":"Release","doc":false,"ncurses":true,"ownlibs":true,"patches":["dbc3892939348c71f35973dd30e74c4a84bc7a2446c6930523c9723b88a597d1"],"qtgui":false,"cflags":[],"cppflags":[],"cxxflags":[],"fflags":[],"ldflags":[],"ldlibs":[]},"external":{"path":"/soft/spack/pe/0.10.0/base/install/linux-sles15-x86_64/gcc-13.3.1/cmake-3.30.5-x6hbone32yqfjegmlb2zrf4xa6xbfx3y","module":null,"extra_attributes":{}},"patches":["dbc3892939348c71f35973dd30e74c4a84bc7a2446c6930523c9723b88a597d1"],"package_hash":"3aghcmd3sxmocige5cloaobjfiicakitix34xarpz7rvuuvschyq====","annotations":{"original_specfile_version":5},"hash":"rdsyitg7vwgihlmanvccadlzagemi7oj"},"npz57p2pbndbdflkv5bf5rbct6sllkyn":{"name":"mercury","version":"2.4.0","arch":{"platform":"linux","platform_os":"sles15","target":{"name":"zen3","vendor":"AuthenticAMD","features":["abm","aes","avx","avx2","bmi1","bmi2","clflushopt","clwb","clzero","cx16","f16c","fma","fsgsbase","mmx","movbe","pclmulqdq","pku","popcnt","rdseed","sse","sse2","sse4_1","sse4_2","sse4a","ssse3","vaes","vpclmulqdq","xsavec","xsaveopt"],"generation":0,"parents":["zen2"],"cpupart":""}},"namespace":"mochi","parameters":{"bmi":false,"boostsys":false,"build_system":"cmake","build_type":"Release","checksum":false,"debug":false,"generator":"make","hwloc":false,"ipo":false,"mpi":false,"ofi":true,"psm":false,"psm2":false,"shared":true,"sm":true,"ucx":false,"udreg":false,"cflags":[],"cppflags":[],"cxxflags":[],"fflags":[],"ldflags":[],"ldlibs":[]},"package_hash":"fzekemij3jn6eqzzo6m4a75cma7rfcj3mjyrj5huiyra2hrw4t4a====","dependencies":[{"name":"cmake","hash":"rdsyitg7vwgihlmanvccadlzagemi7oj","parameters":{"deptypes":["build"],"virtuals":[]}},{"name":"compiler-wrapper","hash":"6mqj3ia6ulagxzf3nwt4wf2erhqffl4c","parameters":{"deptypes":["build"],"virtuals":[]}},{"name":"gcc","hash":"m2d3q2sjmdbrwrfi4spvtm7p7thaqojk","parameters":{"deptypes":["build"],"virtuals":["c","cxx"]}},{"name":"gcc-runtime","hash":"oyxiovb5idi7idshmls3f6p7txs3xdl6","parameters":{"deptypes":["link"],"virtuals":[]}},{"name":"glibc","hash":"6hqoygt6mdj66zwl6cm3szgbb6u6kq3x","parameters":{"deptypes":["link"],"virtuals":["libc"]}},{"name":"gmake","hash":"hly4ztimcpnaa2dn3df5vxyc5qwnluss","parameters":{"deptypes":["build"],"virtuals":[]}},{"name":"libfabric","hash":"25yep2pvn2etneqmeq3hoak5gg4h4ezb","parameters":{"deptypes":["build","link"],"virtuals":[]}}],"annotations":{"original_specfile_version":5},"hash":"npz57p2pbndbdflkv5bf5rbct6sllkyn"},"25yep2pvn2etneqmeq3hoak5gg4h4ezb":{"name":"libfabric","version":"1.22.0","arch":{"platform":"linux","platform_os":"sles15","target":{"name":"zen3","vendor":"AuthenticAMD","features":["abm","aes","avx","avx2","bmi1","bmi2","clflushopt","clwb","clzero","cx16","f16c","fma","fsgsbase","mmx","movbe","pclmulqdq","pku","popcnt","rdseed","sse","sse2","sse4_1","sse4_2","sse4a","ssse3","vaes","vpclmulqdq","xsavec","xsaveopt"],"generation":0,"parents":["zen2"],"cpupart":""}},"namespace":"mochi","parameters":{"build_system":"autotools","cuda":false,"debug":false,"disable-spinlocks":false,"fabrics":["sockets","tcp","udp"],"kdreg":false,"level_zero":false,"uring":false,"cflags":[],"cppflags":[],"cxxflags":[],"fflags":[],"ldflags":[],"ldlibs":[]},"external":{"path":"/opt/cray/libfabric/1.22.0","module":["libfabric/1.22.0"],"extra_attributes":{}},"package_hash":"el37l7lf7k5syodvgoocc2nsk2wulzwmylw665jmdxh2rmsfldnq====","annotations":{"original_specfile_version":5},"hash":"25yep2pvn2etneqmeq3hoak5gg4h4ezb"}}}